{
  "name": "wallexai-mcp",
  "version": "1.0.0",
  "lockfileVersion": 3,
  "requires": true,
  "packages": {
    "": {
      "name": "wallexai-mcp",
      "version": "1.0.0",
      "dependencies": {
        "@google/generative-ai": "^0.3.0",
        "dotenv": "^16.0.0",
        "openai": "^6.39.1"
      }
    },
    "node_modules/@google/generative-ai": {
      "version": "0.3.1",
      "resolved": "https://registry.npmjs.org/@google/generative-ai/-/generative-ai-0.3.1.tgz",
      "integrity": "sha512-Zh1EK5nCWqIhxPm3K1KOM2mOwwgBvp6lkze74yTj6+Zqibtf55Db1q87cbbzWZeET3ZbNgHMYjVf2JyMM6pI7A==",
      "license": "Apache-2.0",
      "engines": {
        "node": ">=18.0.0"
      }
    },
    "node_modules/dotenv": {
      "version": "16.6.1",
      "resolved": "https://registry.npmjs.org/dotenv/-/dotenv-16.6.1.tgz",
      "integrity": "sha512-uBq4egWHTcTt33a72vpSG0z3HnPuIl6NqYcTrKEg2azoEyl2hpW0zqlxysq2pK9HlDIHyHyakeYaYnSAwd8bow==",
      "license": "BSD-2-Clause",
      "engines": {
        "node": ">=12"
      },
      "funding": {
        "url": "https://dotenvx.com"
      }
    },
    "node_modules/openai": {
      "version": "6.39.1",
      "resolved": "https://registry.npmjs.org/openai/-/openai-6.39.1.tgz",
      "integrity": "sha512-z3dO9fEWOXBzlXynVb/xZ/tujzUjFWQWn3C0n0mw6Vo0zJTbEkaN4b2cLWjhJ6haJQx8LlREoafHRl+Gu/Hl+A==",
      "license": "Apache-2.0",
      "bin": {
        "openai": "bin/cli"
      },
      "peerDependencies": {
        "ws": "^8.18.0",
        "zod": "^3.25 || ^4.0"
      },
      "peerDependenciesMeta": {
        "ws": {
          "optional": true
        },
        "zod": {
          "optional": true
        }
      }
    }
  }
}
